
Microsoft Visual Studio Solution File, Format Version 12.00
# Visual Studio 14
VisualStudioVersion = 14.0.24720.0
MinimumVisualStudioVersion = 10.0.40219.1
Project("{FAE04EC0-301F-11D3-BF4B-00C04F79EFBC}") = "DAL.WCF", "DAL.WCF\DAL.WCF.csproj", "{78D251FD-33F3-414A-AB6A-A1D8709CA7E1}"
EndProject
Project("{FAE04EC0-301F-11D3-BF4B-00C04F79EFBC}") = "Web", "Web\Web.csproj", "{95ED959B-4468-44F4-B98D-312FB91616A6}"
EndProject
Project("{FAE04EC0-301F-11D3-BF4B-00C04F79EFBC}") = "Ble.Common", "Ble.Common\Ble.Common.csproj", "{0E58C5D2-A158-4DAE-8C80-118A7B1E4EB5}"
EndProject
Global
	GlobalSection(SolutionConfigurationPlatforms) = preSolution
		Debug|Any CPU = Debug|Any CPU
		Debug|x64 = Debug|x64
		Debug|x86 = Debug|x86
		Release|Any CPU = Release|Any CPU
		Release|x64 = Release|x64
		Release|x86 = Release|x86
	EndGlobalSection
	GlobalSection(ProjectConfigurationPlatforms) = postSolution
		{78D251FD-33F3-414A-AB6A-A1D8709CA7E1}.Debug|Any CPU.ActiveCfg = Debug|Any CPU
		{78D251FD-33F3-414A-AB6A-A1D8709CA7E1}.Debug|Any CPU.Build.0 = Debug|Any CPU
		{78D251FD-33F3-414A-AB6A-A1D8709CA7E1}.Debug|x64.ActiveCfg = Debug|Any CPU
		{78D251FD-33F3-414A-AB6A-A1D8709CA7E1}.Debug|x86.ActiveCfg = Debug|Any CPU
		{78D251FD-33F3-414A-AB6A-A1D8709CA7E1}.Release|Any CPU.ActiveCfg = Release|Any CPU
		{78D251FD-33F3-414A-AB6A-A1D8709CA7E1}.Release|Any CPU.Build.0 = Release|Any CPU
		{78D251FD-33F3-414A-AB6A-A1D8709CA7E1}.Release|x64.ActiveCfg = Release|Any CPU
		{78D251FD-33F3-414A-AB6A-A1D8709CA7E1}.Release|x86.ActiveCfg = Release|Any CPU
		{95ED959B-4468-44F4-B98D-312FB91616A6}.Debug|Any CPU.ActiveCfg = Debug|Any CPU
		{95ED959B-4468-44F4-B98D-312FB91616A6}.Debug|Any CPU.Build.0 = Debug|Any CPU
		{95ED959B-4468-44F4-B98D-312FB91616A6}.Debug|x64.ActiveCfg = Debug|Any CPU
		{95ED959B-4468-44F4-B98D-312FB91616A6}.Debug|x86.ActiveCfg = Debug|x86
		{95ED959B-4468-44F4-B98D-312FB91616A6}.Debug|x86.Build.0 = Debug|x86
		{95ED959B-4468-44F4-B98D-312FB91616A6}.Release|Any CPU.ActiveCfg = Release|Any CPU
		{95ED959B-4468-44F4-B98D-312FB91616A6}.Release|Any CPU.Build.0 = Release|Any CPU
		{95ED959B-4468-44F4-B98D-312FB91616A6}.Release|x64.ActiveCfg = Release|Any CPU
		{95ED959B-4468-44F4-B98D-312FB91616A6}.Release|x86.ActiveCfg = Release|x86
		{95ED959B-4468-44F4-B98D-312FB91616A6}.Release|x86.Build.0 = Release|x86
		{0E58C5D2-A158-4DAE-8C80-118A7B1E4EB5}.Debug|Any CPU.ActiveCfg = Debug|Any CPU
		{0E58C5D2-A158-4DAE-8C80-118A7B1E4EB5}.Debug|Any CPU.Build.0 = Debug|Any CPU
		{0E58C5D2-A158-4DAE-8C80-118A7B1E4EB5}.Debug|x64.ActiveCfg = Debug|Any CPU
		{0E58C5D2-A158-4DAE-8C80-118A7B1E4EB5}.Debug|x64.Build.0 = Debug|Any CPU
		{0E58C5D2-A158-4DAE-8C80-118A7B1E4EB5}.Debug|x86.ActiveCfg = Debug|Any CPU
		{0E58C5D2-A158-4DAE-8C80-118A7B1E4EB5}.Debug|x86.Build.0 = Debug|Any CPU
		{0E58C5D2-A158-4DAE-8C80-118A7B1E4EB5}.Release|Any CPU.ActiveCfg = Release|Any CPU
		{0E58C5D2-A158-4DAE-8C80-118A7B1E4EB5}.Release|Any CPU.Build.0 = Release|Any CPU
		{0E58C5D2-A158-4DAE-8C80-118A7B1E4EB5}.Release|x64.ActiveCfg = Release|Any CPU
		{0E58C5D2-A158-4DAE-8C80-118A7B1E4EB5}.Release|x64.Build.0 = Release|Any CPU
		{0E58C5D2-A158-4DAE-8C80-118A7B1E4EB5}.Release|x86.ActiveCfg = Release|Any CPU
		{0E58C5D2-A158-4DAE-8C80-118A7B1E4EB5}.Release|x86.Build.0 = Release|Any CPU
	EndGlobalSection
	GlobalSection(SolutionProperties) = preSolution
		HideSolutionNode = FALSE
	EndGlobalSection
EndGlobal
