
Microsoft Visual Studio Solution File, Format Version 12.00
# Visual Studio 14
VisualStudioVersion = 14.0.25420.1
MinimumVisualStudioVersion = 10.0.40219.1
Project("{2150E333-8FDC-42A3-9474-1A3956D46DE8}") = "Common", "Common", "{9EA18258-B0C4-4340-B525-A2672E3668B4}"
EndProject
Project("{2150E333-8FDC-42A3-9474-1A3956D46DE8}") = "Init.DbCore", "Init.DbCore", "{9AA02F09-70FC-4DB0-8E6F-025C76EA7C5A}"
EndProject
Project("{2150E333-8FDC-42A3-9474-1A3956D46DE8}") = "Init.Tools", "Init.Tools", "{162931D4-D6F7-4EA2-8931-987D803A059D}"
EndProject
Project("{FAE04EC0-301F-11D3-BF4B-00C04F79EFBC}") = "Init.DAL.Sync", "Common\Init.DbCore\Init.DAL.Sync\Init.DAL.Sync.csproj", "{D8529B4F-AEFE-4387-80AB-CF097E67BC14}"
EndProject
Project("{FAE04EC0-301F-11D3-BF4B-00C04F79EFBC}") = "Init.DAL.Sync.Test", "Common\Init.DbCore\Init.DAL.Sync.Test\Init.DAL.Sync.Test.csproj", "{7E4B80C8-4426-41ED-B372-392A3ED032A8}"
EndProject
Project("{FAE04EC0-301F-11D3-BF4B-00C04F79EFBC}") = "Init.DbCore", "Common\Init.DbCore\Init.DbCore\Init.DbCore.csproj", "{F77F1DC7-3F2B-48BB-BE3E-705893815123}"
EndProject
Project("{FAE04EC0-301F-11D3-BF4B-00C04F79EFBC}") = "Init.DbCore.DB", "Common\Init.DbCore\Init.DbCore.DB\Init.DbCore.DB.csproj", "{C03FA54C-A8EA-42EC-9C11-C0BE5A0B946E}"
EndProject
Project("{FAE04EC0-301F-11D3-BF4B-00C04F79EFBC}") = "Init.DbCore.DB.MySql", "Common\Init.DbCore\Init.DbCore.MySql\Init.DbCore.DB.MySql.csproj", "{63EB0669-3178-4260-8B1A-EE8A3CBF697E}"
EndProject
Project("{FAE04EC0-301F-11D3-BF4B-00C04F79EFBC}") = "Init.DbCore.DB.MsSql", "Common\Init.DbCore\Init.DbCore.Sql\Init.DbCore.DB.MsSql.csproj", "{7B5F1552-CA79-4662-8575-EF9591EC8CC9}"
EndProject
Project("{FAE04EC0-301F-11D3-BF4B-00C04F79EFBC}") = "Init.DbCore.Test", "Common\Init.DbCore\Init.DbCore.Test\Init.DbCore.Test.csproj", "{E2716D80-A090-4A0A-80D6-F707B0C2D99B}"
EndProject
Project("{FAE04EC0-301F-11D3-BF4B-00C04F79EFBC}") = "Init.DbCore.Wcf", "Common\Init.DbCore\Init.DbCore.Wcf\Init.DbCore.Wcf.csproj", "{8D8A798A-9544-4113-9749-4C43BC7D9BF5}"
EndProject
Project("{FAE04EC0-301F-11D3-BF4B-00C04F79EFBC}") = "Init.Tools", "Common\Init.Tools\Tools\Init.Tools.csproj", "{76DB3053-1978-4D3E-9B26-DD3E2096467E}"
EndProject
Project("{FAE04EC0-301F-11D3-BF4B-00C04F79EFBC}") = "Init.Tools.UI", "Common\Init.Tools\Tools.UI\Init.Tools.UI.csproj", "{1352ED84-6C4B-456E-88F7-AE832B9A8B5C}"
EndProject
Project("{FAE04EC0-301F-11D3-BF4B-00C04F79EFBC}") = "DAL.WCF", "DAL.WCF\DAL.WCF.csproj", "{78D251FD-33F3-414A-AB6A-A1D8709CA7E1}"
	ProjectSection(ProjectDependencies) = postProject
		{87FF8D95-30D3-4494-BEAD-C05DBBD62ED0} = {87FF8D95-30D3-4494-BEAD-C05DBBD62ED0}
	EndProjectSection
EndProject
Project("{FAE04EC0-301F-11D3-BF4B-00C04F79EFBC}") = "Server.Dal", "DAL\Server.Dal.csproj", "{4600B640-ADF9-437E-8B17-08032B7CD058}"
EndProject
Project("{FAE04EC0-301F-11D3-BF4B-00C04F79EFBC}") = "Server.Host", "Server\Server.Host.csproj", "{CC026A84-F071-4047-92AE-16A5BD2C9B0C}"
EndProject
Project("{FAE04EC0-301F-11D3-BF4B-00C04F79EFBC}") = "Server.WCF", "Server.ServiceOperation\Server.WCF.csproj", "{87FF8D95-30D3-4494-BEAD-C05DBBD62ED0}"
EndProject
Project("{FAE04EC0-301F-11D3-BF4B-00C04F79EFBC}") = "Init.Tools.DevExpress", "Common\Init.Tools.DevExpress\Project\Init.Tools.DevExpress.csproj", "{8A582D3D-7137-487C-92DB-4AB1C77BA440}"
EndProject
Project("{2150E333-8FDC-42A3-9474-1A3956D46DE8}") = "Init.Web", "Init.Web", "{214DE17E-3F3A-4532-A59A-FEE90975CAAC}"
EndProject
Project("{FAE04EC0-301F-11D3-BF4B-00C04F79EFBC}") = "Init.Web", "Common\Init.Web\Init.Web.csproj", "{24704FDD-23E3-41DF-8AEE-AD684EC9EE82}"
EndProject
Project("{FAE04EC0-301F-11D3-BF4B-00C04F79EFBC}") = "Web", "Web\Web.csproj", "{95ED959B-4468-44F4-B98D-312FB91616A6}"
EndProject
Project("{FAE04EC0-301F-11D3-BF4B-00C04F79EFBC}") = "BluetoothTagEmulator", "BluetoothTagEmulator\BluetoothTagEmulator.csproj", "{86E23496-BB01-4373-A762-A6EF5F4E4D35}"
EndProject
Project("{FAE04EC0-301F-11D3-BF4B-00C04F79EFBC}") = "Ble.Common", "Ble.Common\Ble.Common.csproj", "{0E58C5D2-A158-4DAE-8C80-118A7B1E4EB5}"
EndProject
Global
	GlobalSection(SolutionConfigurationPlatforms) = preSolution
		Debug|Any CPU = Debug|Any CPU
		Debug|x64 = Debug|x64
		Debug|x86 = Debug|x86
		Release|Any CPU = Release|Any CPU
		Release|x64 = Release|x64
		Release|x86 = Release|x86
	EndGlobalSection
	GlobalSection(ProjectConfigurationPlatforms) = postSolution
		{D8529B4F-AEFE-4387-80AB-CF097E67BC14}.Debug|Any CPU.ActiveCfg = Debug|Any CPU
		{D8529B4F-AEFE-4387-80AB-CF097E67BC14}.Debug|Any CPU.Build.0 = Debug|Any CPU
		{D8529B4F-AEFE-4387-80AB-CF097E67BC14}.Debug|x64.ActiveCfg = Debug|x64
		{D8529B4F-AEFE-4387-80AB-CF097E67BC14}.Debug|x64.Build.0 = Debug|x64
		{D8529B4F-AEFE-4387-80AB-CF097E67BC14}.Debug|x86.ActiveCfg = Debug|x86
		{D8529B4F-AEFE-4387-80AB-CF097E67BC14}.Debug|x86.Build.0 = Debug|x86
		{D8529B4F-AEFE-4387-80AB-CF097E67BC14}.Release|Any CPU.ActiveCfg = Release|Any CPU
		{D8529B4F-AEFE-4387-80AB-CF097E67BC14}.Release|Any CPU.Build.0 = Release|Any CPU
		{D8529B4F-AEFE-4387-80AB-CF097E67BC14}.Release|x64.ActiveCfg = Release|x64
		{D8529B4F-AEFE-4387-80AB-CF097E67BC14}.Release|x64.Build.0 = Release|x64
		{D8529B4F-AEFE-4387-80AB-CF097E67BC14}.Release|x86.ActiveCfg = Release|x86
		{D8529B4F-AEFE-4387-80AB-CF097E67BC14}.Release|x86.Build.0 = Release|x86
		{7E4B80C8-4426-41ED-B372-392A3ED032A8}.Debug|Any CPU.ActiveCfg = Debug|Any CPU
		{7E4B80C8-4426-41ED-B372-392A3ED032A8}.Debug|Any CPU.Build.0 = Debug|Any CPU
		{7E4B80C8-4426-41ED-B372-392A3ED032A8}.Debug|x64.ActiveCfg = Debug|x64
		{7E4B80C8-4426-41ED-B372-392A3ED032A8}.Debug|x64.Build.0 = Debug|x64
		{7E4B80C8-4426-41ED-B372-392A3ED032A8}.Debug|x86.ActiveCfg = Debug|x86
		{7E4B80C8-4426-41ED-B372-392A3ED032A8}.Debug|x86.Build.0 = Debug|x86
		{7E4B80C8-4426-41ED-B372-392A3ED032A8}.Release|Any CPU.ActiveCfg = Release|Any CPU
		{7E4B80C8-4426-41ED-B372-392A3ED032A8}.Release|Any CPU.Build.0 = Release|Any CPU
		{7E4B80C8-4426-41ED-B372-392A3ED032A8}.Release|x64.ActiveCfg = Release|x64
		{7E4B80C8-4426-41ED-B372-392A3ED032A8}.Release|x64.Build.0 = Release|x64
		{7E4B80C8-4426-41ED-B372-392A3ED032A8}.Release|x86.ActiveCfg = Release|x86
		{7E4B80C8-4426-41ED-B372-392A3ED032A8}.Release|x86.Build.0 = Release|x86
		{F77F1DC7-3F2B-48BB-BE3E-705893815123}.Debug|Any CPU.ActiveCfg = Debug|Any CPU
		{F77F1DC7-3F2B-48BB-BE3E-705893815123}.Debug|Any CPU.Build.0 = Debug|Any CPU
		{F77F1DC7-3F2B-48BB-BE3E-705893815123}.Debug|x64.ActiveCfg = Debug|x64
		{F77F1DC7-3F2B-48BB-BE3E-705893815123}.Debug|x64.Build.0 = Debug|x64
		{F77F1DC7-3F2B-48BB-BE3E-705893815123}.Debug|x86.ActiveCfg = Debug|x86
		{F77F1DC7-3F2B-48BB-BE3E-705893815123}.Debug|x86.Build.0 = Debug|x86
		{F77F1DC7-3F2B-48BB-BE3E-705893815123}.Release|Any CPU.ActiveCfg = Release|Any CPU
		{F77F1DC7-3F2B-48BB-BE3E-705893815123}.Release|Any CPU.Build.0 = Release|Any CPU
		{F77F1DC7-3F2B-48BB-BE3E-705893815123}.Release|x64.ActiveCfg = Release|x64
		{F77F1DC7-3F2B-48BB-BE3E-705893815123}.Release|x64.Build.0 = Release|x64
		{F77F1DC7-3F2B-48BB-BE3E-705893815123}.Release|x86.ActiveCfg = Release|x86
		{F77F1DC7-3F2B-48BB-BE3E-705893815123}.Release|x86.Build.0 = Release|x86
		{C03FA54C-A8EA-42EC-9C11-C0BE5A0B946E}.Debug|Any CPU.ActiveCfg = Debug|Any CPU
		{C03FA54C-A8EA-42EC-9C11-C0BE5A0B946E}.Debug|Any CPU.Build.0 = Debug|Any CPU
		{C03FA54C-A8EA-42EC-9C11-C0BE5A0B946E}.Debug|x64.ActiveCfg = Debug|Any CPU
		{C03FA54C-A8EA-42EC-9C11-C0BE5A0B946E}.Debug|x86.ActiveCfg = Debug|x86
		{C03FA54C-A8EA-42EC-9C11-C0BE5A0B946E}.Debug|x86.Build.0 = Debug|x86
		{C03FA54C-A8EA-42EC-9C11-C0BE5A0B946E}.Release|Any CPU.ActiveCfg = Release|Any CPU
		{C03FA54C-A8EA-42EC-9C11-C0BE5A0B946E}.Release|Any CPU.Build.0 = Release|Any CPU
		{C03FA54C-A8EA-42EC-9C11-C0BE5A0B946E}.Release|x64.ActiveCfg = Release|Any CPU
		{C03FA54C-A8EA-42EC-9C11-C0BE5A0B946E}.Release|x86.ActiveCfg = Release|x86
		{C03FA54C-A8EA-42EC-9C11-C0BE5A0B946E}.Release|x86.Build.0 = Release|x86
		{63EB0669-3178-4260-8B1A-EE8A3CBF697E}.Debug|Any CPU.ActiveCfg = Debug|Any CPU
		{63EB0669-3178-4260-8B1A-EE8A3CBF697E}.Debug|Any CPU.Build.0 = Debug|Any CPU
		{63EB0669-3178-4260-8B1A-EE8A3CBF697E}.Debug|x64.ActiveCfg = Debug|Any CPU
		{63EB0669-3178-4260-8B1A-EE8A3CBF697E}.Debug|x86.ActiveCfg = Debug|Any CPU
		{63EB0669-3178-4260-8B1A-EE8A3CBF697E}.Release|Any CPU.ActiveCfg = Release|Any CPU
		{63EB0669-3178-4260-8B1A-EE8A3CBF697E}.Release|Any CPU.Build.0 = Release|Any CPU
		{63EB0669-3178-4260-8B1A-EE8A3CBF697E}.Release|x64.ActiveCfg = Release|Any CPU
		{63EB0669-3178-4260-8B1A-EE8A3CBF697E}.Release|x86.ActiveCfg = Release|Any CPU
		{7B5F1552-CA79-4662-8575-EF9591EC8CC9}.Debug|Any CPU.ActiveCfg = Debug|Any CPU
		{7B5F1552-CA79-4662-8575-EF9591EC8CC9}.Debug|Any CPU.Build.0 = Debug|Any CPU
		{7B5F1552-CA79-4662-8575-EF9591EC8CC9}.Debug|x64.ActiveCfg = Debug|x64
		{7B5F1552-CA79-4662-8575-EF9591EC8CC9}.Debug|x64.Build.0 = Debug|x64
		{7B5F1552-CA79-4662-8575-EF9591EC8CC9}.Debug|x86.ActiveCfg = Debug|x86
		{7B5F1552-CA79-4662-8575-EF9591EC8CC9}.Debug|x86.Build.0 = Debug|x86
		{7B5F1552-CA79-4662-8575-EF9591EC8CC9}.Release|Any CPU.ActiveCfg = Release|Any CPU
		{7B5F1552-CA79-4662-8575-EF9591EC8CC9}.Release|Any CPU.Build.0 = Release|Any CPU
		{7B5F1552-CA79-4662-8575-EF9591EC8CC9}.Release|x64.ActiveCfg = Release|x64
		{7B5F1552-CA79-4662-8575-EF9591EC8CC9}.Release|x64.Build.0 = Release|x64
		{7B5F1552-CA79-4662-8575-EF9591EC8CC9}.Release|x86.ActiveCfg = Release|x86
		{7B5F1552-CA79-4662-8575-EF9591EC8CC9}.Release|x86.Build.0 = Release|x86
		{E2716D80-A090-4A0A-80D6-F707B0C2D99B}.Debug|Any CPU.ActiveCfg = Debug|Any CPU
		{E2716D80-A090-4A0A-80D6-F707B0C2D99B}.Debug|Any CPU.Build.0 = Debug|Any CPU
		{E2716D80-A090-4A0A-80D6-F707B0C2D99B}.Debug|x64.ActiveCfg = Debug|x64
		{E2716D80-A090-4A0A-80D6-F707B0C2D99B}.Debug|x64.Build.0 = Debug|x64
		{E2716D80-A090-4A0A-80D6-F707B0C2D99B}.Debug|x86.ActiveCfg = Debug|x86
		{E2716D80-A090-4A0A-80D6-F707B0C2D99B}.Debug|x86.Build.0 = Debug|x86
		{E2716D80-A090-4A0A-80D6-F707B0C2D99B}.Release|Any CPU.ActiveCfg = Release|Any CPU
		{E2716D80-A090-4A0A-80D6-F707B0C2D99B}.Release|Any CPU.Build.0 = Release|Any CPU
		{E2716D80-A090-4A0A-80D6-F707B0C2D99B}.Release|x64.ActiveCfg = Release|x64
		{E2716D80-A090-4A0A-80D6-F707B0C2D99B}.Release|x64.Build.0 = Release|x64
		{E2716D80-A090-4A0A-80D6-F707B0C2D99B}.Release|x86.ActiveCfg = Release|x86
		{E2716D80-A090-4A0A-80D6-F707B0C2D99B}.Release|x86.Build.0 = Release|x86
		{8D8A798A-9544-4113-9749-4C43BC7D9BF5}.Debug|Any CPU.ActiveCfg = Debug|Any CPU
		{8D8A798A-9544-4113-9749-4C43BC7D9BF5}.Debug|Any CPU.Build.0 = Debug|Any CPU
		{8D8A798A-9544-4113-9749-4C43BC7D9BF5}.Debug|x64.ActiveCfg = Debug|x64
		{8D8A798A-9544-4113-9749-4C43BC7D9BF5}.Debug|x64.Build.0 = Debug|x64
		{8D8A798A-9544-4113-9749-4C43BC7D9BF5}.Debug|x86.ActiveCfg = Debug|x86
		{8D8A798A-9544-4113-9749-4C43BC7D9BF5}.Debug|x86.Build.0 = Debug|x86
		{8D8A798A-9544-4113-9749-4C43BC7D9BF5}.Release|Any CPU.ActiveCfg = Release|Any CPU
		{8D8A798A-9544-4113-9749-4C43BC7D9BF5}.Release|Any CPU.Build.0 = Release|Any CPU
		{8D8A798A-9544-4113-9749-4C43BC7D9BF5}.Release|x64.ActiveCfg = Release|x64
		{8D8A798A-9544-4113-9749-4C43BC7D9BF5}.Release|x64.Build.0 = Release|x64
		{8D8A798A-9544-4113-9749-4C43BC7D9BF5}.Release|x86.ActiveCfg = Release|x86
		{8D8A798A-9544-4113-9749-4C43BC7D9BF5}.Release|x86.Build.0 = Release|x86
		{76DB3053-1978-4D3E-9B26-DD3E2096467E}.Debug|Any CPU.ActiveCfg = Debug|Any CPU
		{76DB3053-1978-4D3E-9B26-DD3E2096467E}.Debug|Any CPU.Build.0 = Debug|Any CPU
		{76DB3053-1978-4D3E-9B26-DD3E2096467E}.Debug|x64.ActiveCfg = Debug|x64
		{76DB3053-1978-4D3E-9B26-DD3E2096467E}.Debug|x64.Build.0 = Debug|x64
		{76DB3053-1978-4D3E-9B26-DD3E2096467E}.Debug|x86.ActiveCfg = Debug|x86
		{76DB3053-1978-4D3E-9B26-DD3E2096467E}.Debug|x86.Build.0 = Debug|x86
		{76DB3053-1978-4D3E-9B26-DD3E2096467E}.Release|Any CPU.ActiveCfg = Release|Any CPU
		{76DB3053-1978-4D3E-9B26-DD3E2096467E}.Release|Any CPU.Build.0 = Release|Any CPU
		{76DB3053-1978-4D3E-9B26-DD3E2096467E}.Release|x64.ActiveCfg = Release|x64
		{76DB3053-1978-4D3E-9B26-DD3E2096467E}.Release|x64.Build.0 = Release|x64
		{76DB3053-1978-4D3E-9B26-DD3E2096467E}.Release|x86.ActiveCfg = Release|x86
		{76DB3053-1978-4D3E-9B26-DD3E2096467E}.Release|x86.Build.0 = Release|x86
		{1352ED84-6C4B-456E-88F7-AE832B9A8B5C}.Debug|Any CPU.ActiveCfg = Debug|Any CPU
		{1352ED84-6C4B-456E-88F7-AE832B9A8B5C}.Debug|Any CPU.Build.0 = Debug|Any CPU
		{1352ED84-6C4B-456E-88F7-AE832B9A8B5C}.Debug|x64.ActiveCfg = Debug|Any CPU
		{1352ED84-6C4B-456E-88F7-AE832B9A8B5C}.Debug|x86.ActiveCfg = Debug|x86
		{1352ED84-6C4B-456E-88F7-AE832B9A8B5C}.Debug|x86.Build.0 = Debug|x86
		{1352ED84-6C4B-456E-88F7-AE832B9A8B5C}.Release|Any CPU.ActiveCfg = Release|Any CPU
		{1352ED84-6C4B-456E-88F7-AE832B9A8B5C}.Release|Any CPU.Build.0 = Release|Any CPU
		{1352ED84-6C4B-456E-88F7-AE832B9A8B5C}.Release|x64.ActiveCfg = Release|Any CPU
		{1352ED84-6C4B-456E-88F7-AE832B9A8B5C}.Release|x86.ActiveCfg = Release|x86
		{1352ED84-6C4B-456E-88F7-AE832B9A8B5C}.Release|x86.Build.0 = Release|x86
		{78D251FD-33F3-414A-AB6A-A1D8709CA7E1}.Debug|Any CPU.ActiveCfg = Debug|Any CPU
		{78D251FD-33F3-414A-AB6A-A1D8709CA7E1}.Debug|Any CPU.Build.0 = Debug|Any CPU
		{78D251FD-33F3-414A-AB6A-A1D8709CA7E1}.Debug|x64.ActiveCfg = Debug|Any CPU
		{78D251FD-33F3-414A-AB6A-A1D8709CA7E1}.Debug|x86.ActiveCfg = Debug|Any CPU
		{78D251FD-33F3-414A-AB6A-A1D8709CA7E1}.Release|Any CPU.ActiveCfg = Release|Any CPU
		{78D251FD-33F3-414A-AB6A-A1D8709CA7E1}.Release|Any CPU.Build.0 = Release|Any CPU
		{78D251FD-33F3-414A-AB6A-A1D8709CA7E1}.Release|x64.ActiveCfg = Release|Any CPU
		{78D251FD-33F3-414A-AB6A-A1D8709CA7E1}.Release|x86.ActiveCfg = Release|Any CPU
		{4600B640-ADF9-437E-8B17-08032B7CD058}.Debug|Any CPU.ActiveCfg = Debug|Any CPU
		{4600B640-ADF9-437E-8B17-08032B7CD058}.Debug|Any CPU.Build.0 = Debug|Any CPU
		{4600B640-ADF9-437E-8B17-08032B7CD058}.Debug|x64.ActiveCfg = Debug|Any CPU
		{4600B640-ADF9-437E-8B17-08032B7CD058}.Debug|x86.ActiveCfg = Debug|Any CPU
		{4600B640-ADF9-437E-8B17-08032B7CD058}.Release|Any CPU.ActiveCfg = Release|Any CPU
		{4600B640-ADF9-437E-8B17-08032B7CD058}.Release|Any CPU.Build.0 = Release|Any CPU
		{4600B640-ADF9-437E-8B17-08032B7CD058}.Release|x64.ActiveCfg = Release|Any CPU
		{4600B640-ADF9-437E-8B17-08032B7CD058}.Release|x86.ActiveCfg = Release|Any CPU
		{CC026A84-F071-4047-92AE-16A5BD2C9B0C}.Debug|Any CPU.ActiveCfg = Debug|Any CPU
		{CC026A84-F071-4047-92AE-16A5BD2C9B0C}.Debug|Any CPU.Build.0 = Debug|Any CPU
		{CC026A84-F071-4047-92AE-16A5BD2C9B0C}.Debug|x64.ActiveCfg = Debug|Any CPU
		{CC026A84-F071-4047-92AE-16A5BD2C9B0C}.Debug|x86.ActiveCfg = Debug|Any CPU
		{CC026A84-F071-4047-92AE-16A5BD2C9B0C}.Release|Any CPU.ActiveCfg = Release|Any CPU
		{CC026A84-F071-4047-92AE-16A5BD2C9B0C}.Release|Any CPU.Build.0 = Release|Any CPU
		{CC026A84-F071-4047-92AE-16A5BD2C9B0C}.Release|x64.ActiveCfg = Release|Any CPU
		{CC026A84-F071-4047-92AE-16A5BD2C9B0C}.Release|x86.ActiveCfg = Release|Any CPU
		{87FF8D95-30D3-4494-BEAD-C05DBBD62ED0}.Debug|Any CPU.ActiveCfg = Debug|Any CPU
		{87FF8D95-30D3-4494-BEAD-C05DBBD62ED0}.Debug|Any CPU.Build.0 = Debug|Any CPU
		{87FF8D95-30D3-4494-BEAD-C05DBBD62ED0}.Debug|x64.ActiveCfg = Debug|Any CPU
		{87FF8D95-30D3-4494-BEAD-C05DBBD62ED0}.Debug|x86.ActiveCfg = Debug|Any CPU
		{87FF8D95-30D3-4494-BEAD-C05DBBD62ED0}.Release|Any CPU.ActiveCfg = Release|Any CPU
		{87FF8D95-30D3-4494-BEAD-C05DBBD62ED0}.Release|Any CPU.Build.0 = Release|Any CPU
		{87FF8D95-30D3-4494-BEAD-C05DBBD62ED0}.Release|x64.ActiveCfg = Release|Any CPU
		{87FF8D95-30D3-4494-BEAD-C05DBBD62ED0}.Release|x86.ActiveCfg = Release|Any CPU
		{8A582D3D-7137-487C-92DB-4AB1C77BA440}.Debug|Any CPU.ActiveCfg = Debug|Any CPU
		{8A582D3D-7137-487C-92DB-4AB1C77BA440}.Debug|Any CPU.Build.0 = Debug|Any CPU
		{8A582D3D-7137-487C-92DB-4AB1C77BA440}.Debug|x64.ActiveCfg = Debug|x64
		{8A582D3D-7137-487C-92DB-4AB1C77BA440}.Debug|x64.Build.0 = Debug|x64
		{8A582D3D-7137-487C-92DB-4AB1C77BA440}.Debug|x86.ActiveCfg = Debug|x86
		{8A582D3D-7137-487C-92DB-4AB1C77BA440}.Debug|x86.Build.0 = Debug|x86
		{8A582D3D-7137-487C-92DB-4AB1C77BA440}.Release|Any CPU.ActiveCfg = Release|Any CPU
		{8A582D3D-7137-487C-92DB-4AB1C77BA440}.Release|Any CPU.Build.0 = Release|Any CPU
		{8A582D3D-7137-487C-92DB-4AB1C77BA440}.Release|x64.ActiveCfg = Release|x64
		{8A582D3D-7137-487C-92DB-4AB1C77BA440}.Release|x64.Build.0 = Release|x64
		{8A582D3D-7137-487C-92DB-4AB1C77BA440}.Release|x86.ActiveCfg = Release|x86
		{8A582D3D-7137-487C-92DB-4AB1C77BA440}.Release|x86.Build.0 = Release|x86
		{24704FDD-23E3-41DF-8AEE-AD684EC9EE82}.Debug|Any CPU.ActiveCfg = Debug|Any CPU
		{24704FDD-23E3-41DF-8AEE-AD684EC9EE82}.Debug|Any CPU.Build.0 = Debug|Any CPU
		{24704FDD-23E3-41DF-8AEE-AD684EC9EE82}.Debug|x64.ActiveCfg = Debug|x64
		{24704FDD-23E3-41DF-8AEE-AD684EC9EE82}.Debug|x64.Build.0 = Debug|x64
		{24704FDD-23E3-41DF-8AEE-AD684EC9EE82}.Debug|x86.ActiveCfg = Debug|x86
		{24704FDD-23E3-41DF-8AEE-AD684EC9EE82}.Debug|x86.Build.0 = Debug|x86
		{24704FDD-23E3-41DF-8AEE-AD684EC9EE82}.Release|Any CPU.ActiveCfg = Release|Any CPU
		{24704FDD-23E3-41DF-8AEE-AD684EC9EE82}.Release|Any CPU.Build.0 = Release|Any CPU
		{24704FDD-23E3-41DF-8AEE-AD684EC9EE82}.Release|x64.ActiveCfg = Release|x64
		{24704FDD-23E3-41DF-8AEE-AD684EC9EE82}.Release|x64.Build.0 = Release|x64
		{24704FDD-23E3-41DF-8AEE-AD684EC9EE82}.Release|x86.ActiveCfg = Release|x86
		{24704FDD-23E3-41DF-8AEE-AD684EC9EE82}.Release|x86.Build.0 = Release|x86
		{95ED959B-4468-44F4-B98D-312FB91616A6}.Debug|Any CPU.ActiveCfg = Debug|Any CPU
		{95ED959B-4468-44F4-B98D-312FB91616A6}.Debug|Any CPU.Build.0 = Debug|Any CPU
		{95ED959B-4468-44F4-B98D-312FB91616A6}.Debug|x64.ActiveCfg = Debug|Any CPU
		{95ED959B-4468-44F4-B98D-312FB91616A6}.Debug|x86.ActiveCfg = Debug|x86
		{95ED959B-4468-44F4-B98D-312FB91616A6}.Debug|x86.Build.0 = Debug|x86
		{95ED959B-4468-44F4-B98D-312FB91616A6}.Release|Any CPU.ActiveCfg = Release|Any CPU
		{95ED959B-4468-44F4-B98D-312FB91616A6}.Release|Any CPU.Build.0 = Release|Any CPU
		{95ED959B-4468-44F4-B98D-312FB91616A6}.Release|x64.ActiveCfg = Release|Any CPU
		{95ED959B-4468-44F4-B98D-312FB91616A6}.Release|x86.ActiveCfg = Release|x86
		{95ED959B-4468-44F4-B98D-312FB91616A6}.Release|x86.Build.0 = Release|x86
		{86E23496-BB01-4373-A762-A6EF5F4E4D35}.Debug|Any CPU.ActiveCfg = Debug|Any CPU
		{86E23496-BB01-4373-A762-A6EF5F4E4D35}.Debug|Any CPU.Build.0 = Debug|Any CPU
		{86E23496-BB01-4373-A762-A6EF5F4E4D35}.Debug|x64.ActiveCfg = Debug|Any CPU
		{86E23496-BB01-4373-A762-A6EF5F4E4D35}.Debug|x64.Build.0 = Debug|Any CPU
		{86E23496-BB01-4373-A762-A6EF5F4E4D35}.Debug|x86.ActiveCfg = Debug|Any CPU
		{86E23496-BB01-4373-A762-A6EF5F4E4D35}.Debug|x86.Build.0 = Debug|Any CPU
		{86E23496-BB01-4373-A762-A6EF5F4E4D35}.Release|Any CPU.ActiveCfg = Release|Any CPU
		{86E23496-BB01-4373-A762-A6EF5F4E4D35}.Release|Any CPU.Build.0 = Release|Any CPU
		{86E23496-BB01-4373-A762-A6EF5F4E4D35}.Release|x64.ActiveCfg = Release|Any CPU
		{86E23496-BB01-4373-A762-A6EF5F4E4D35}.Release|x64.Build.0 = Release|Any CPU
		{86E23496-BB01-4373-A762-A6EF5F4E4D35}.Release|x86.ActiveCfg = Release|Any CPU
		{86E23496-BB01-4373-A762-A6EF5F4E4D35}.Release|x86.Build.0 = Release|Any CPU
		{0E58C5D2-A158-4DAE-8C80-118A7B1E4EB5}.Debug|Any CPU.ActiveCfg = Debug|Any CPU
		{0E58C5D2-A158-4DAE-8C80-118A7B1E4EB5}.Debug|Any CPU.Build.0 = Debug|Any CPU
		{0E58C5D2-A158-4DAE-8C80-118A7B1E4EB5}.Debug|x64.ActiveCfg = Debug|Any CPU
		{0E58C5D2-A158-4DAE-8C80-118A7B1E4EB5}.Debug|x64.Build.0 = Debug|Any CPU
		{0E58C5D2-A158-4DAE-8C80-118A7B1E4EB5}.Debug|x86.ActiveCfg = Debug|Any CPU
		{0E58C5D2-A158-4DAE-8C80-118A7B1E4EB5}.Debug|x86.Build.0 = Debug|Any CPU
		{0E58C5D2-A158-4DAE-8C80-118A7B1E4EB5}.Release|Any CPU.ActiveCfg = Release|Any CPU
		{0E58C5D2-A158-4DAE-8C80-118A7B1E4EB5}.Release|Any CPU.Build.0 = Release|Any CPU
		{0E58C5D2-A158-4DAE-8C80-118A7B1E4EB5}.Release|x64.ActiveCfg = Release|Any CPU
		{0E58C5D2-A158-4DAE-8C80-118A7B1E4EB5}.Release|x64.Build.0 = Release|Any CPU
		{0E58C5D2-A158-4DAE-8C80-118A7B1E4EB5}.Release|x86.ActiveCfg = Release|Any CPU
		{0E58C5D2-A158-4DAE-8C80-118A7B1E4EB5}.Release|x86.Build.0 = Release|Any CPU
	EndGlobalSection
	GlobalSection(SolutionProperties) = preSolution
		HideSolutionNode = FALSE
	EndGlobalSection
	GlobalSection(NestedProjects) = preSolution
		{9AA02F09-70FC-4DB0-8E6F-025C76EA7C5A} = {9EA18258-B0C4-4340-B525-A2672E3668B4}
		{162931D4-D6F7-4EA2-8931-987D803A059D} = {9EA18258-B0C4-4340-B525-A2672E3668B4}
		{D8529B4F-AEFE-4387-80AB-CF097E67BC14} = {9AA02F09-70FC-4DB0-8E6F-025C76EA7C5A}
		{7E4B80C8-4426-41ED-B372-392A3ED032A8} = {9AA02F09-70FC-4DB0-8E6F-025C76EA7C5A}
		{F77F1DC7-3F2B-48BB-BE3E-705893815123} = {9AA02F09-70FC-4DB0-8E6F-025C76EA7C5A}
		{C03FA54C-A8EA-42EC-9C11-C0BE5A0B946E} = {9AA02F09-70FC-4DB0-8E6F-025C76EA7C5A}
		{63EB0669-3178-4260-8B1A-EE8A3CBF697E} = {9AA02F09-70FC-4DB0-8E6F-025C76EA7C5A}
		{7B5F1552-CA79-4662-8575-EF9591EC8CC9} = {9AA02F09-70FC-4DB0-8E6F-025C76EA7C5A}
		{E2716D80-A090-4A0A-80D6-F707B0C2D99B} = {9AA02F09-70FC-4DB0-8E6F-025C76EA7C5A}
		{8D8A798A-9544-4113-9749-4C43BC7D9BF5} = {9AA02F09-70FC-4DB0-8E6F-025C76EA7C5A}
		{76DB3053-1978-4D3E-9B26-DD3E2096467E} = {162931D4-D6F7-4EA2-8931-987D803A059D}
		{1352ED84-6C4B-456E-88F7-AE832B9A8B5C} = {162931D4-D6F7-4EA2-8931-987D803A059D}
		{8A582D3D-7137-487C-92DB-4AB1C77BA440} = {162931D4-D6F7-4EA2-8931-987D803A059D}
		{214DE17E-3F3A-4532-A59A-FEE90975CAAC} = {9EA18258-B0C4-4340-B525-A2672E3668B4}
		{24704FDD-23E3-41DF-8AEE-AD684EC9EE82} = {214DE17E-3F3A-4532-A59A-FEE90975CAAC}
	EndGlobalSection
EndGlobal
